// !$*UTF8*$!
{
	archiveVersion = 1;
	classes = {
	};
	objectVersion = 46;
	objects = {

/* Begin PBXBuildFile section */
		F48AD20B1C4C4BDD00D3150F /* AppDelegate.swift in Sources */ = {isa = PBXBuildFile; fileRef = F48AD20A1C4C4BDD00D3150F /* AppDelegate.swift */; };
		F48AD20D1C4C4BDD00D3150F /* ViewController.swift in Sources */ = {isa = PBXBuildFile; fileRef = F48AD20C1C4C4BDD00D3150F /* ViewController.swift */; };
		F48AD20F1C4C4BDD00D3150F /* Assets.xcassets in Resources */ = {isa = PBXBuildFile; fileRef = F48AD20E1C4C4BDD00D3150F /* Assets.xcassets */; };
		F48AD2121C4C4BDD00D3150F /* Main.storyboard in Resources */ = {isa = PBXBuildFile; fileRef = F48AD2101C4C4BDD00D3150F /* Main.storyboard */; };
		F48AD21D1C4C4BDD00D3150F /* FeedKit_OSXTests.swift in Sources */ = {isa = PBXBuildFile; fileRef = F48AD21C1C4C4BDD00D3150F /* FeedKit_OSXTests.swift */; };
		F48AD2281C4C4BDD00D3150F /* FeedKit_OSXUITests.swift in Sources */ = {isa = PBXBuildFile; fileRef = F48AD2271C4C4BDD00D3150F /* FeedKit_OSXUITests.swift */; };
/* End PBXBuildFile section */

/* Begin PBXContainerItemProxy section */
		F48AD2191C4C4BDD00D3150F /* PBXContainerItemProxy */ = {
			isa = PBXContainerItemProxy;
			containerPortal = F48AD1FF1C4C4BDD00D3150F /* Project object */;
			proxyType = 1;
			remoteGlobalIDString = F48AD2061C4C4BDD00D3150F;
			remoteInfo = "FeedKit-OSX";
		};
		F48AD2241C4C4BDD00D3150F /* PBXContainerItemProxy */ = {
			isa = PBXContainerItemProxy;
			containerPortal = F48AD1FF1C4C4BDD00D3150F /* Project object */;
			proxyType = 1;
			remoteGlobalIDString = F48AD2061C4C4BDD00D3150F;
			remoteInfo = "FeedKit-OSX";
		};
/* End PBXContainerItemProxy section */

/* Begin PBXFileReference section */
		F48AD2071C4C4BDD00D3150F /* FeedKit-OSX.app */ = {isa = PBXFileReference; explicitFileType = wrapper.application; includeInIndex = 0; path = "FeedKit-OSX.app"; sourceTree = BUILT_PRODUCTS_DIR; };
		F48AD20A1C4C4BDD00D3150F /* AppDelegate.swift */ = {isa = PBXFileReference; lastKnownFileType = sourcecode.swift; path = AppDelegate.swift; sourceTree = "<group>"; };
		F48AD20C1C4C4BDD00D3150F /* ViewController.swift */ = {isa = PBXFileReference; lastKnownFileType = sourcecode.swift; path = ViewController.swift; sourceTree = "<group>"; };
		F48AD20E1C4C4BDD00D3150F /* Assets.xcassets */ = {isa = PBXFileReference; lastKnownFileType = folder.assetcatalog; path = Assets.xcassets; sourceTree = "<group>"; };
		F48AD2111C4C4BDD00D3150F /* Base */ = {isa = PBXFileReference; lastKnownFileType = file.storyboard; name = Base; path = Base.lproj/Main.storyboard; sourceTree = "<group>"; };
		F48AD2131C4C4BDD00D3150F /* Info.plist */ = {isa = PBXFileReference; lastKnownFileType = text.plist.xml; path = Info.plist; sourceTree = "<group>"; };
		F48AD2181C4C4BDD00D3150F /* FeedKit-OSXTests.xctest */ = {isa = PBXFileReference; explicitFileType = wrapper.cfbundle; includeInIndex = 0; path = "FeedKit-OSXTests.xctest"; sourceTree = BUILT_PRODUCTS_DIR; };
		F48AD21C1C4C4BDD00D3150F /* FeedKit_OSXTests.swift */ = {isa = PBXFileReference; lastKnownFileType = sourcecode.swift; path = FeedKit_OSXTests.swift; sourceTree = "<group>"; };
		F48AD21E1C4C4BDD00D3150F /* Info.plist */ = {isa = PBXFileReference; lastKnownFileType = text.plist.xml; path = Info.plist; sourceTree = "<group>"; };
		F48AD2231C4C4BDD00D3150F /* FeedKit-OSXUITests.xctest */ = {isa = PBXFileReference; explicitFileType = wrapper.cfbundle; includeInIndex = 0; path = "FeedKit-OSXUITests.xctest"; sourceTree = BUILT_PRODUCTS_DIR; };
		F48AD2271C4C4BDD00D3150F /* FeedKit_OSXUITests.swift */ = {isa = PBXFileReference; lastKnownFileType = sourcecode.swift; path = FeedKit_OSXUITests.swift; sourceTree = "<group>"; };
		F48AD2291C4C4BDD00D3150F /* Info.plist */ = {isa = PBXFileReference; lastKnownFileType = text.plist.xml; path = Info.plist; sourceTree = "<group>"; };
/* End PBXFileReference section */

/* Begin PBXFrameworksBuildPhase section */
		F48AD2041C4C4BDD00D3150F /* Frameworks */ = {
			isa = PBXFrameworksBuildPhase;
			buildActionMask = 2147483647;
			files = (
			);
			runOnlyForDeploymentPostprocessing = 0;
		};
		F48AD2151C4C4BDD00D3150F /* Frameworks */ = {
			isa = PBXFrameworksBuildPhase;
			buildActionMask = 2147483647;
			files = (
			);
			runOnlyForDeploymentPostprocessing = 0;
		};
		F48AD2201C4C4BDD00D3150F /* Frameworks */ = {
			isa = PBXFrameworksBuildPhase;
			buildActionMask = 2147483647;
			files = (
			);
			runOnlyForDeploymentPostprocessing = 0;
		};
/* End PBXFrameworksBuildPhase section */

/* Begin PBXGroup section */
		F48AD1FE1C4C4BDD00D3150F = {
			isa = PBXGroup;
			children = (
				F48AD2091C4C4BDD00D3150F /* FeedKit-OSX */,
				F48AD21B1C4C4BDD00D3150F /* FeedKit-OSXTests */,
				F48AD2261C4C4BDD00D3150F /* FeedKit-OSXUITests */,
				F48AD2081C4C4BDD00D3150F /* Products */,
			);
			sourceTree = "<group>";
		};
		F48AD2081C4C4BDD00D3150F /* Products */ = {
			isa = PBXGroup;
			children = (
				F48AD2071C4C4BDD00D3150F /* FeedKit-OSX.app */,
				F48AD2181C4C4BDD00D3150F /* FeedKit-OSXTests.xctest */,
				F48AD2231C4C4BDD00D3150F /* FeedKit-OSXUITests.xctest */,
			);
			name = Products;
			sourceTree = "<group>";
		};
		F48AD2091C4C4BDD00D3150F /* FeedKit-OSX */ = {
			isa = PBXGroup;
			children = (
				F48AD20A1C4C4BDD00D3150F /* AppDelegate.swift */,
				F48AD20C1C4C4BDD00D3150F /* ViewController.swift */,
				F48AD20E1C4C4BDD00D3150F /* Assets.xcassets */,
				F48AD2101C4C4BDD00D3150F /* Main.storyboard */,
				F48AD2131C4C4BDD00D3150F /* Info.plist */,
			);
			path = "FeedKit-OSX";
			sourceTree = "<group>";
		};
		F48AD21B1C4C4BDD00D3150F /* FeedKit-OSXTests */ = {
			isa = PBXGroup;
			children = (
				F48AD21C1C4C4BDD00D3150F /* FeedKit_OSXTests.swift */,
				F48AD21E1C4C4BDD00D3150F /* Info.plist */,
			);
			path = "FeedKit-OSXTests";
			sourceTree = "<group>";
		};
		F48AD2261C4C4BDD00D3150F /* FeedKit-OSXUITests */ = {
			isa = PBXGroup;
			children = (
				F48AD2271C4C4BDD00D3150F /* FeedKit_OSXUITests.swift */,
				F48AD2291C4C4BDD00D3150F /* Info.plist */,
			);
			path = "FeedKit-OSXUITests";
			sourceTree = "<group>";
		};
/* End PBXGroup section */

/* Begin PBXNativeTarget section */
		F48AD2061C4C4BDD00D3150F /* FeedKit-OSX */ = {
			isa = PBXNativeTarget;
			buildConfigurationList = F48AD22C1C4C4BDD00D3150F /* Build configuration list for PBXNativeTarget "FeedKit-OSX" */;
			buildPhases = (
				F48AD2031C4C4BDD00D3150F /* Sources */,
				F48AD2041C4C4BDD00D3150F /* Frameworks */,
				F48AD2051C4C4BDD00D3150F /* Resources */,
			);
			buildRules = (
			);
			dependencies = (
			);
			name = "FeedKit-OSX";
			productName = "FeedKit-OSX";
			productReference = F48AD2071C4C4BDD00D3150F /* FeedKit-OSX.app */;
			productType = "com.apple.product-type.application";
		};
		F48AD2171C4C4BDD00D3150F /* FeedKit-OSXTests */ = {
			isa = PBXNativeTarget;
			buildConfigurationList = F48AD22F1C4C4BDD00D3150F /* Build configuration list for PBXNativeTarget "FeedKit-OSXTests" */;
			buildPhases = (
				F48AD2141C4C4BDD00D3150F /* Sources */,
				F48AD2151C4C4BDD00D3150F /* Frameworks */,
				F48AD2161C4C4BDD00D3150F /* Resources */,
			);
			buildRules = (
			);
			dependencies = (
				F48AD21A1C4C4BDD00D3150F /* PBXTargetDependency */,
			);
			name = "FeedKit-OSXTests";
			productName = "FeedKit-OSXTests";
			productReference = F48AD2181C4C4BDD00D3150F /* FeedKit-OSXTests.xctest */;
			productType = "com.apple.product-type.bundle.unit-test";
		};
		F48AD2221C4C4BDD00D3150F /* FeedKit-OSXUITests */ = {
			isa = PBXNativeTarget;
			buildConfigurationList = F48AD2321C4C4BDD00D3150F /* Build configuration list for PBXNativeTarget "FeedKit-OSXUITests" */;
			buildPhases = (
				F48AD21F1C4C4BDD00D3150F /* Sources */,
				F48AD2201C4C4BDD00D3150F /* Frameworks */,
				F48AD2211C4C4BDD00D3150F /* Resources */,
			);
			buildRules = (
			);
			dependencies = (
				F48AD2251C4C4BDD00D3150F /* PBXTargetDependency */,
			);
			name = "FeedKit-OSXUITests";
			productName = "FeedKit-OSXUITests";
			productReference = F48AD2231C4C4BDD00D3150F /* FeedKit-OSXUITests.xctest */;
			productType = "com.apple.product-type.bundle.ui-testing";
		};
/* End PBXNativeTarget section */

/* Begin PBXProject section */
		F48AD1FF1C4C4BDD00D3150F /* Project object */ = {
			isa = PBXProject;
			attributes = {
				LastSwiftUpdateCheck = 0720;
				LastUpgradeCheck = 0720;
				ORGANIZATIONNAME = "Simon Lee";
				TargetAttributes = {
					F48AD2061C4C4BDD00D3150F = {
						CreatedOnToolsVersion = 7.2;
					};
					F48AD2171C4C4BDD00D3150F = {
						CreatedOnToolsVersion = 7.2;
						TestTargetID = F48AD2061C4C4BDD00D3150F;
					};
					F48AD2221C4C4BDD00D3150F = {
						CreatedOnToolsVersion = 7.2;
						TestTargetID = F48AD2061C4C4BDD00D3150F;
					};
				};
			};
			buildConfigurationList = F48AD2021C4C4BDD00D3150F /* Build configuration list for PBXProject "FeedKit-OSX" */;
			compatibilityVersion = "Xcode 3.2";
			developmentRegion = English;
			hasScannedForEncodings = 0;
			knownRegions = (
				en,
				Base,
			);
			mainGroup = F48AD1FE1C4C4BDD00D3150F;
			productRefGroup = F48AD2081C4C4BDD00D3150F /* Products */;
			projectDirPath = "";
			projectRoot = "";
			targets = (
				F48AD2061C4C4BDD00D3150F /* FeedKit-OSX */,
				F48AD2171C4C4BDD00D3150F /* FeedKit-OSXTests */,
				F48AD2221C4C4BDD00D3150F /* FeedKit-OSXUITests */,
			);
		};
/* End PBXProject section */

/* Begin PBXResourcesBuildPhase section */
		F48AD2051C4C4BDD00D3150F /* Resources */ = {
			isa = PBXResourcesBuildPhase;
			buildActionMask = 2147483647;
			files = (
				F48AD20F1C4C4BDD00D3150F /* Assets.xcassets in Resources */,
				F48AD2121C4C4BDD00D3150F /* Main.storyboard in Resources */,
			);
			runOnlyForDeploymentPostprocessing = 0;
		};
		F48AD2161C4C4BDD00D3150F /* Resources */ = {
			isa = PBXResourcesBuildPhase;
			buildActionMask = 2147483647;
			files = (
			);
			runOnlyForDeploymentPostprocessing = 0;
		};
		F48AD2211C4C4BDD00D3150F /* Resources */ = {
			isa = PBXResourcesBuildPhase;
			buildActionMask = 2147483647;
			files = (
			);
			runOnlyForDeploymentPostprocessing = 0;
		};
/* End PBXResourcesBuildPhase section */

/* Begin PBXSourcesBuildPhase section */
		F48AD2031C4C4BDD00D3150F /* Sources */ = {
			isa = PBXSourcesBuildPhase;
			buildActionMask = 2147483647;
			files = (
				F48AD20D1C4C4BDD00D3150F /* ViewController.swift in Sources */,
				F48AD20B1C4C4BDD00D3150F /* AppDelegate.swift in Sources */,
			);
			runOnlyForDeploymentPostprocessing = 0;
		};
		F48AD2141C4C4BDD00D3150F /* Sources */ = {
			isa = PBXSourcesBuildPhase;
			buildActionMask = 2147483647;
			files = (
				F48AD21D1C4C4BDD00D3150F /* FeedKit_OSXTests.swift in Sources */,
			);
			runOnlyForDeploymentPostprocessing = 0;
		};
		F48AD21F1C4C4BDD00D3150F /* Sources */ = {
			isa = PBXSourcesBuildPhase;
			buildActionMask = 2147483647;
			files = (
				F48AD2281C4C4BDD00D3150F /* FeedKit_OSXUITests.swift in Sources */,
			);
			runOnlyForDeploymentPostprocessing = 0;
		};
/* End PBXSourcesBuildPhase section */

/* Begin PBXTargetDependency section */
		F48AD21A1C4C4BDD00D3150F /* PBXTargetDependency */ = {
			isa = PBXTargetDependency;
			target = F48AD2061C4C4BDD00D3150F /* FeedKit-OSX */;
			targetProxy = F48AD2191C4C4BDD00D3150F /* PBXContainerItemProxy */;
		};
		F48AD2251C4C4BDD00D3150F /* PBXTargetDependency */ = {
			isa = PBXTargetDependency;
			target = F48AD2061C4C4BDD00D3150F /* FeedKit-OSX */;
			targetProxy = F48AD2241C4C4BDD00D3150F /* PBXContainerItemProxy */;
		};
/* End PBXTargetDependency section */

/* Begin PBXVariantGroup section */
		F48AD2101C4C4BDD00D3150F /* Main.storyboard */ = {
			isa = PBXVariantGroup;
			children = (
				F48AD2111C4C4BDD00D3150F /* Base */,
			);
			name = Main.storyboard;
			sourceTree = "<group>";
		};
/* End PBXVariantGroup section */

/* Begin XCBuildConfiguration section */
		F48AD22A1C4C4BDD00D3150F /* Debug */ = {
			isa = XCBuildConfiguration;
			buildSettings = {
				ALWAYS_SEARCH_USER_PATHS = NO;
				CLANG_CXX_LANGUAGE_STANDARD = "gnu++0x";
				CLANG_CXX_LIBRARY = "libc++";
				CLANG_ENABLE_MODULES = YES;
				CLANG_ENABLE_OBJC_ARC = YES;
				CLANG_WARN_BOOL_CONVERSION = YES;
				CLANG_WARN_CONSTANT_CONVERSION = YES;
				CLANG_WARN_DIRECT_OBJC_ISA_USAGE = YES_ERROR;
				CLANG_WARN_EMPTY_BODY = YES;
				CLANG_WARN_ENUM_CONVERSION = YES;
				CLANG_WARN_INT_CONVERSION = YES;
				CLANG_WARN_OBJC_ROOT_CLASS = YES_ERROR;
				CLANG_WARN_UNREACHABLE_CODE = YES;
				CLANG_WARN__DUPLICATE_METHOD_MATCH = YES;
				CODE_SIGN_IDENTITY = "-";
				COPY_PHASE_STRIP = NO;
				DEBUG_INFORMATION_FORMAT = dwarf;
				ENABLE_STRICT_OBJC_MSGSEND = YES;
				ENABLE_TESTABILITY = YES;
				GCC_C_LANGUAGE_STANDARD = gnu99;
				GCC_DYNAMIC_NO_PIC = NO;
				GCC_NO_COMMON_BLOCKS = YES;
				GCC_OPTIMIZATION_LEVEL = 0;
				GCC_PREPROCESSOR_DEFINITIONS = (
					"DEBUG=1",
					"$(inherited)",
				);
				GCC_WARN_64_TO_32_BIT_CONVERSION = YES;
				GCC_WARN_ABOUT_RETURN_TYPE = YES_ERROR;
				GCC_WARN_UNDECLARED_SELECTOR = YES;
				GCC_WARN_UNINITIALIZED_AUTOS = YES_AGGRESSIVE;
				GCC_WARN_UNUSED_FUNCTION = YES;
				GCC_WARN_UNUSED_VARIABLE = YES;
				MACOSX_DEPLOYMENT_TARGET = 10.11;
				MTL_ENABLE_DEBUG_INFO = YES;
				ONLY_ACTIVE_ARCH = YES;
				SDKROOT = macosx;
				SWIFT_OPTIMIZATION_LEVEL = "-Onone";
			};
			name = Debug;
		};
		F48AD22B1C4C4BDD00D3150F /* Release */ = {
			isa = XCBuildConfiguration;
			buildSettings = {
				ALWAYS_SEARCH_USER_PATHS = NO;
				CLANG_CXX_LANGUAGE_STANDARD = "gnu++0x";
				CLANG_CXX_LIBRARY = "libc++";
				CLANG_ENABLE_MODULES = YES;
				CLANG_ENABLE_OBJC_ARC = YES;
				CLANG_WARN_BOOL_CONVERSION = YES;
				CLANG_WARN_CONSTANT_CONVERSION = YES;
				CLANG_WARN_DIRECT_OBJC_ISA_USAGE = YES_ERROR;
				CLANG_WARN_EMPTY_BODY = YES;
				CLANG_WARN_ENUM_CONVERSION = YES;
				CLANG_WARN_INT_CONVERSION = YES;
				CLANG_WARN_OBJC_ROOT_CLASS = YES_ERROR;
				CLANG_WARN_UNREACHABLE_CODE = YES;
				CLANG_WARN__DUPLICATE_METHOD_MATCH = YES;
				CODE_SIGN_IDENTITY = "-";
				COPY_PHASE_STRIP = NO;
				DEBUG_INFORMATION_FORMAT = "dwarf-with-dsym";
				ENABLE_NS_ASSERTIONS = NO;
				ENABLE_STRICT_OBJC_MSGSEND = YES;
				GCC_C_LANGUAGE_STANDARD = gnu99;
				GCC_NO_COMMON_BLOCKS = YES;
				GCC_WARN_64_TO_32_BIT_CONVERSION = YES;
				GCC_WARN_ABOUT_RETURN_TYPE = YES_ERROR;
				GCC_WARN_UNDECLARED_SELECTOR = YES;
				GCC_WARN_UNINITIALIZED_AUTOS = YES_AGGRESSIVE;
				GCC_WARN_UNUSED_FUNCTION = YES;
				GCC_WARN_UNUSED_VARIABLE = YES;
				MACOSX_DEPLOYMENT_TARGET = 10.11;
				MTL_ENABLE_DEBUG_INFO = NO;
				SDKROOT = macosx;
			};
			name = Release;
		};
		F48AD22D1C4C4BDD00D3150F /* Debug */ = {
			isa = XCBuildConfiguration;
			buildSettings = {
				ASSETCATALOG_COMPILER_APPICON_NAME = AppIcon;
				COMBINE_HIDPI_IMAGES = YES;
				INFOPLIST_FILE = "FeedKit-OSX/Info.plist";
				LD_RUNPATH_SEARCH_PATHS = "$(inherited) @executable_path/../Frameworks";
				PRODUCT_BUNDLE_IDENTIFIER = "simonlee.FeedKit-OSX";
				PRODUCT_NAME = "$(TARGET_NAME)";
			};
			name = Debug;
		};
		F48AD22E1C4C4BDD00D3150F /* Release */ = {
			isa = XCBuildConfiguration;
			buildSettings = {
				ASSETCATALOG_COMPILER_APPICON_NAME = AppIcon;
				COMBINE_HIDPI_IMAGES = YES;
				INFOPLIST_FILE = "FeedKit-OSX/Info.plist";
				LD_RUNPATH_SEARCH_PATHS = "$(inherited) @executable_path/../Frameworks";
				PRODUCT_BUNDLE_IDENTIFIER = "simonlee.FeedKit-OSX";
				PRODUCT_NAME = "$(TARGET_NAME)";
			};
			name = Release;
		};
		F48AD2301C4C4BDD00D3150F /* Debug */ = {
			isa = XCBuildConfiguration;
			buildSettings = {
				BUNDLE_LOADER = "$(TEST_HOST)";
				COMBINE_HIDPI_IMAGES = YES;
				INFOPLIST_FILE = "FeedKit-OSXTests/Info.plist";
				LD_RUNPATH_SEARCH_PATHS = "$(inherited) @executable_path/../Frameworks @loader_path/../Frameworks";
				PRODUCT_BUNDLE_IDENTIFIER = "simonlee.FeedKit-OSXTests";
				PRODUCT_NAME = "$(TARGET_NAME)";
				TEST_HOST = "$(BUILT_PRODUCTS_DIR)/FeedKit-OSX.app/Contents/MacOS/FeedKit-OSX";
			};
			name = Debug;
		};
		F48AD2311C4C4BDD00D3150F /* Release */ = {
			isa = XCBuildConfiguration;
			buildSettings = {
				BUNDLE_LOADER = "$(TEST_HOST)";
				COMBINE_HIDPI_IMAGES = YES;
				INFOPLIST_FILE = "FeedKit-OSXTests/Info.plist";
				LD_RUNPATH_SEARCH_PATHS = "$(inherited) @executable_path/../Frameworks @loader_path/../Frameworks";
				PRODUCT_BUNDLE_IDENTIFIER = "simonlee.FeedKit-OSXTests";
				PRODUCT_NAME = "$(TARGET_NAME)";
				TEST_HOST = "$(BUILT_PRODUCTS_DIR)/FeedKit-OSX.app/Contents/MacOS/FeedKit-OSX";
			};
			name = Release;
		};
		F48AD2331C4C4BDD00D3150F /* Debug */ = {
			isa = XCBuildConfiguration;
			buildSettings = {
				COMBINE_HIDPI_IMAGES = YES;
				INFOPLIST_FILE = "FeedKit-OSXUITests/Info.plist";
				LD_RUNPATH_SEARCH_PATHS = "$(inherited) @executable_path/../Frameworks @loader_path/../Frameworks";
				PRODUCT_BUNDLE_IDENTIFIER = "simonlee.FeedKit-OSXUITests";
				PRODUCT_NAME = "$(TARGET_NAME)";
				TEST_TARGET_NAME = "FeedKit-OSX";
				USES_XCTRUNNER = YES;
			};
			name = Debug;
		};
		F48AD2341C4C4BDD00D3150F /* Release */ = {
			isa = XCBuildConfiguration;
			buildSettings = {
				COMBINE_HIDPI_IMAGES = YES;
				INFOPLIST_FILE = "FeedKit-OSXUITests/Info.plist";
				LD_RUNPATH_SEARCH_PATHS = "$(inherited) @executable_path/../Frameworks @loader_path/../Frameworks";
				PRODUCT_BUNDLE_IDENTIFIER = "simonlee.FeedKit-OSXUITests";
				PRODUCT_NAME = "$(TARGET_NAME)";
				TEST_TARGET_NAME = "FeedKit-OSX";
				USES_XCTRUNNER = YES;
			};
			name = Release;
		};
/* End XCBuildConfiguration section */

/* Begin XCConfigurationList section */
		F48AD2021C4C4BDD00D3150F /* Build configuration list for PBXProject "FeedKit-OSX" */ = {
			isa = XCConfigurationList;
			buildConfigurations = (
				F48AD22A1C4C4BDD00D3150F /* Debug */,
				F48AD22B1C4C4BDD00D3150F /* Release */,
			);
			defaultConfigurationIsVisible = 0;
			defaultConfigurationName = Release;
		};
		F48AD22C1C4C4BDD00D3150F /* Build configuration list for PBXNativeTarget "FeedKit-OSX" */ = {
			isa = XCConfigurationList;
			buildConfigurations = (
				F48AD22D1C4C4BDD00D3150F /* Debug */,
				F48AD22E1C4C4BDD00D3150F /* Release */,
			);
			defaultConfigurationIsVisible = 0;
			defaultConfigurationName = Release;
		};
		F48AD22F1C4C4BDD00D3150F /* Build configuration list for PBXNativeTarget "FeedKit-OSXTests" */ = {
			isa = XCConfigurationList;
			buildConfigurations = (
				F48AD2301C4C4BDD00D3150F /* Debug */,
				F48AD2311C4C4BDD00D3150F /* Release */,
			);
			defaultConfigurationIsVisible = 0;
			defaultConfigurationName = Release;
		};
		F48AD2321C4C4BDD00D3150F /* Build configuration list for PBXNativeTarget "FeedKit-OSXUITests" */ = {
			isa = XCConfigurationList;
			buildConfigurations = (
				F48AD2331C4C4BDD00D3150F /* Debug */,
				F48AD2341C4C4BDD00D3150F /* Release */,
			);
			defaultConfigurationIsVisible = 0;
			defaultConfigurationName = Release;
		};
/* End XCConfigurationList section */
	};
	rootObject = F48AD1FF1C4C4BDD00D3150F /* Project object */;
}
